
Microsoft Visual Studio Solution File, Format Version 12.00
# Visual Studio 15
VisualStudioVersion = 15.0.26730.16
MinimumVisualStudioVersion = 10.0.40219.1
Project("{FAE04EC0-301F-11D3-BF4B-00C04F79EFBC}") = "Lbl.Server", "Lbl.Server\Lbl.Server.csproj", "{B790B464-B7DA-43D3-A96D-DA96B10D20E5}"
EndProject
Project("{2150E333-8FDC-42A3-9474-1A3956D46DE8}") = "01 Server", "01 Server", "{D705D25E-9291-4741-9D7C-C9CD838E4517}"
EndProject
Project("{2150E333-8FDC-42A3-9474-1A3956D46DE8}") = "02 Service", "02 Service", "{D7DE68DE-8A4C-47B0-B381-1062C7A2A29D}"
EndProject
Project("{2150E333-8FDC-42A3-9474-1A3956D46DE8}") = "03 Repository", "03 Repository", "{2E2142AE-6B52-42FF-863A-6FABDD1A3F40}"
EndProject
Project("{2150E333-8FDC-42A3-9474-1A3956D46DE8}") = "04 Model", "04 Model", "{6239E103-1541-459E-B757-C2DB14906535}"
EndProject
Project("{FAE04EC0-301F-11D3-BF4B-00C04F79EFBC}") = "Lbl.Service", "Lbl.Service\Lbl.Service.csproj", "{40EF91C5-0B00-4C3E-93A6-3554E485869B}"
EndProject
Project("{FAE04EC0-301F-11D3-BF4B-00C04F79EFBC}") = "Lbl.Repository", "Lbl.Repository\Lbl.Repository.csproj", "{61F30B9E-E680-4A5C-936A-376205D02F3D}"
EndProject
Project("{FAE04EC0-301F-11D3-BF4B-00C04F79EFBC}") = "Lbl.Model", "Lbl.Model\Lbl.Model.csproj", "{FE5CC659-FC18-4F48-80CB-E2C912756B6E}"
EndProject
Project("{FAE04EC0-301F-11D3-BF4B-00C04F79EFBC}") = "Lbl.RequestModel", "Lbl.RequestModel\Lbl.RequestModel.csproj", "{27689F05-8ECD-4152-8E6C-4427DEB1D74C}"
EndProject
Project("{FAE04EC0-301F-11D3-BF4B-00C04F79EFBC}") = "Lbl.ViewModel", "Lbl.ViewModel\Lbl.ViewModel.csproj", "{606E97D5-4658-435A-A76A-B10ABF40AF12}"
EndProject
Global
	GlobalSection(SolutionConfigurationPlatforms) = preSolution
		Debug|Any CPU = Debug|Any CPU
		Release|Any CPU = Release|Any CPU
	EndGlobalSection
	GlobalSection(ProjectConfigurationPlatforms) = postSolution
		{B790B464-B7DA-43D3-A96D-DA96B10D20E5}.Debug|Any CPU.ActiveCfg = Debug|Any CPU
		{B790B464-B7DA-43D3-A96D-DA96B10D20E5}.Debug|Any CPU.Build.0 = Debug|Any CPU
		{B790B464-B7DA-43D3-A96D-DA96B10D20E5}.Release|Any CPU.ActiveCfg = Release|Any CPU
		{B790B464-B7DA-43D3-A96D-DA96B10D20E5}.Release|Any CPU.Build.0 = Release|Any CPU
		{40EF91C5-0B00-4C3E-93A6-3554E485869B}.Debug|Any CPU.ActiveCfg = Debug|Any CPU
		{40EF91C5-0B00-4C3E-93A6-3554E485869B}.Debug|Any CPU.Build.0 = Debug|Any CPU
		{40EF91C5-0B00-4C3E-93A6-3554E485869B}.Release|Any CPU.ActiveCfg = Release|Any CPU
		{40EF91C5-0B00-4C3E-93A6-3554E485869B}.Release|Any CPU.Build.0 = Release|Any CPU
		{61F30B9E-E680-4A5C-936A-376205D02F3D}.Debug|Any CPU.ActiveCfg = Debug|Any CPU
		{61F30B9E-E680-4A5C-936A-376205D02F3D}.Debug|Any CPU.Build.0 = Debug|Any CPU
		{61F30B9E-E680-4A5C-936A-376205D02F3D}.Release|Any CPU.ActiveCfg = Release|Any CPU
		{61F30B9E-E680-4A5C-936A-376205D02F3D}.Release|Any CPU.Build.0 = Release|Any CPU
		{FE5CC659-FC18-4F48-80CB-E2C912756B6E}.Debug|Any CPU.ActiveCfg = Debug|Any CPU
		{FE5CC659-FC18-4F48-80CB-E2C912756B6E}.Debug|Any CPU.Build.0 = Debug|Any CPU
		{FE5CC659-FC18-4F48-80CB-E2C912756B6E}.Release|Any CPU.ActiveCfg = Release|Any CPU
		{FE5CC659-FC18-4F48-80CB-E2C912756B6E}.Release|Any CPU.Build.0 = Release|Any CPU
		{27689F05-8ECD-4152-8E6C-4427DEB1D74C}.Debug|Any CPU.ActiveCfg = Debug|Any CPU
		{27689F05-8ECD-4152-8E6C-4427DEB1D74C}.Debug|Any CPU.Build.0 = Debug|Any CPU
		{27689F05-8ECD-4152-8E6C-4427DEB1D74C}.Release|Any CPU.ActiveCfg = Release|Any CPU
		{27689F05-8ECD-4152-8E6C-4427DEB1D74C}.Release|Any CPU.Build.0 = Release|Any CPU
		{606E97D5-4658-435A-A76A-B10ABF40AF12}.Debug|Any CPU.ActiveCfg = Debug|Any CPU
		{606E97D5-4658-435A-A76A-B10ABF40AF12}.Debug|Any CPU.Build.0 = Debug|Any CPU
		{606E97D5-4658-435A-A76A-B10ABF40AF12}.Release|Any CPU.ActiveCfg = Release|Any CPU
		{606E97D5-4658-435A-A76A-B10ABF40AF12}.Release|Any CPU.Build.0 = Release|Any CPU
	EndGlobalSection
	GlobalSection(SolutionProperties) = preSolution
		HideSolutionNode = FALSE
	EndGlobalSection
	GlobalSection(NestedProjects) = preSolution
		{B790B464-B7DA-43D3-A96D-DA96B10D20E5} = {D705D25E-9291-4741-9D7C-C9CD838E4517}
		{40EF91C5-0B00-4C3E-93A6-3554E485869B} = {D7DE68DE-8A4C-47B0-B381-1062C7A2A29D}
		{61F30B9E-E680-4A5C-936A-376205D02F3D} = {2E2142AE-6B52-42FF-863A-6FABDD1A3F40}
		{FE5CC659-FC18-4F48-80CB-E2C912756B6E} = {6239E103-1541-459E-B757-C2DB14906535}
		{27689F05-8ECD-4152-8E6C-4427DEB1D74C} = {6239E103-1541-459E-B757-C2DB14906535}
		{606E97D5-4658-435A-A76A-B10ABF40AF12} = {6239E103-1541-459E-B757-C2DB14906535}
	EndGlobalSection
	GlobalSection(ExtensibilityGlobals) = postSolution
		SolutionGuid = {420544E9-FC1D-4282-A4A6-76B2746A6012}
	EndGlobalSection
EndGlobal
